
Microsoft Visual Studio Solution File, Format Version 12.00
# Visual Studio Version 16
VisualStudioVersion = 16.0.29424.173
MinimumVisualStudioVersion = 10.0.40219.1
Project("{FAE04EC0-301F-11D3-BF4B-00C04F79EFBC}") = "BORSA-R", "BORSA-R\BORSA-R.csproj", "{91BFAAC4-79E7-47DA-9C94-E4EB4E7EFBE0}"
EndProject
Global
	GlobalSection(SolutionConfigurationPlatforms) = preSolution
		Debug|Any CPU = Debug|Any CPU
		Release|Any CPU = Release|Any CPU
	EndGlobalSection
	GlobalSection(ProjectConfigurationPlatforms) = postSolution
		{91BFAAC4-79E7-47DA-9C94-E4EB4E7EFBE0}.Debug|Any CPU.ActiveCfg = Debug|Any CPU
		{91BFAAC4-79E7-47DA-9C94-E4EB4E7EFBE0}.Debug|Any CPU.Build.0 = Debug|Any CPU
		{91BFAAC4-79E7-47DA-9C94-E4EB4E7EFBE0}.Release|Any CPU.ActiveCfg = Release|Any CPU
		{91BFAAC4-79E7-47DA-9C94-E4EB4E7EFBE0}.Release|Any CPU.Build.0 = Release|Any CPU
	EndGlobalSection
	GlobalSection(SolutionProperties) = preSolution
		HideSolutionNode = FALSE
	EndGlobalSection
	GlobalSection(ExtensibilityGlobals) = postSolution
		SolutionGuid = {DEF44231-AC06-4846-8A07-F3EA9C82DA22}
	EndGlobalSection
EndGlobal
